{
  "name": "Mundi-tv",
  "lockfileVersion": 3,
  "requires": true,
  "packages": {
    "": {
      "dependencies": {
        "shaka-player": "^5.1.8"
      }
    },
    "node_modules/shaka-player": {
      "version": "5.1.8",
      "resolved": "https://registry.npmjs.org/shaka-player/-/shaka-player-5.1.8.tgz",
      "integrity": "sha512-nYD+9Z/DJzYkwQ/GhBDtKE4ew/rClUE8oeAzCVsMNOwdC816jBz4FxPFy4XpOoKuEZ7Z3Ltday/m55+MJ5puTw==",
      "license": "Apache-2.0",
      "engines": {
        "node": ">=18"
      }
    }
  }
}
